
Microsoft Visual Studio Solution File, Format Version 12.00
# Visual Studio Version 16
VisualStudioVersion = 16.0.28803.156
MinimumVisualStudioVersion = 10.0.40219.1
Project("{9A19103F-16F7-4668-BE54-9A1E7A4F7556}") = "GestionDeMedicamentos", "GestionDeMedicamentos\GestionDeMedicamentos.csproj", "{F905B0AB-4246-4429-8B59-E6A484C9C71D}"
EndProject
Global
	GlobalSection(SolutionConfigurationPlatforms) = preSolution
		Debug|Any CPU = Debug|Any CPU
		Release|Any CPU = Release|Any CPU
	EndGlobalSection
	GlobalSection(ProjectConfigurationPlatforms) = postSolution
		{F905B0AB-4246-4429-8B59-E6A484C9C71D}.Debug|Any CPU.ActiveCfg = Debug|Any CPU
		{F905B0AB-4246-4429-8B59-E6A484C9C71D}.Debug|Any CPU.Build.0 = Debug|Any CPU
		{F905B0AB-4246-4429-8B59-E6A484C9C71D}.Release|Any CPU.ActiveCfg = Release|Any CPU
		{F905B0AB-4246-4429-8B59-E6A484C9C71D}.Release|Any CPU.Build.0 = Release|Any CPU
	EndGlobalSection
	GlobalSection(SolutionProperties) = preSolution
		HideSolutionNode = FALSE
	EndGlobalSection
	GlobalSection(ExtensibilityGlobals) = postSolution
		SolutionGuid = {45D5D5E4-588E-4DA2-A9D4-B14525071284}
	EndGlobalSection
EndGlobal
